{
  "name": "scraper",
  "version": "1.0.0",
  "lockfileVersion": 1,
  "requires": true,
  "dependencies": {
    "google-search-results-nodejs": {
      "version": "1.3.0",
      "resolved": "https://registry.npmjs.org/google-search-results-nodejs/-/google-search-results-nodejs-1.3.0.tgz",
      "integrity": "sha512-ud1Q+2k16haMum1ZhtbH3267pBsPl/TinJgi/w4pUlHSwAsiHxTsgDL6bDeSPj5bIb5sI7ZCkqD5Q3SZRcIZTg=="
    }
  }
}
